
Microsoft Visual Studio Solution File, Format Version 12.00
# Visual Studio 15
Project("{FAE04EC0-301F-11D3-BF4B-00C04F79EFBC}") = "Assembly-CSharp", "Assembly-CSharp.csproj", "{33F5F922-7685-B987-58B7-255704817D33}"
EndProject
Project("{FAE04EC0-301F-11D3-BF4B-00C04F79EFBC}") = "Assembly-CSharp-Editor-firstpass", "Assembly-CSharp-Editor-firstpass.csproj", "{3873774B-5BAA-8B8B-B133-DD3F30656618}"
EndProject
Global
	GlobalSection(SolutionConfigurationPlatforms) = preSolution
		Debug|Any CPU = Debug|Any CPU
		Release|Any CPU = Release|Any CPU
	EndGlobalSection
	GlobalSection(ProjectConfigurationPlatforms) = postSolution
		{33F5F922-7685-B987-58B7-255704817D33}.Debug|Any CPU.ActiveCfg = Debug|Any CPU
		{33F5F922-7685-B987-58B7-255704817D33}.Debug|Any CPU.Build.0 = Debug|Any CPU
		{33F5F922-7685-B987-58B7-255704817D33}.Release|Any CPU.ActiveCfg = Release|Any CPU
		{33F5F922-7685-B987-58B7-255704817D33}.Release|Any CPU.Build.0 = Release|Any CPU
		{3873774B-5BAA-8B8B-B133-DD3F30656618}.Debug|Any CPU.ActiveCfg = Debug|Any CPU
		{3873774B-5BAA-8B8B-B133-DD3F30656618}.Debug|Any CPU.Build.0 = Debug|Any CPU
		{3873774B-5BAA-8B8B-B133-DD3F30656618}.Release|Any CPU.ActiveCfg = Release|Any CPU
		{3873774B-5BAA-8B8B-B133-DD3F30656618}.Release|Any CPU.Build.0 = Release|Any CPU
	EndGlobalSection
	GlobalSection(SolutionProperties) = preSolution
		HideSolutionNode = FALSE
	EndGlobalSection
EndGlobal
